
Microsoft Visual Studio Solution File, Format Version 12.00
# Visual Studio Version 16
VisualStudioVersion = 16.0.30204.135
MinimumVisualStudioVersion = 10.0.40219.1
Project("{FAE04EC0-301F-11D3-BF4B-00C04F79EFBC}") = "BarcodeProcessor", "BarcodeProcessor.csproj", "{3ED05339-DC8D-4CF5-B484-33133A0246B2}"
EndProject
Global
	GlobalSection(SolutionConfigurationPlatforms) = preSolution
		Debug|Any CPU = Debug|Any CPU
		Release|Any CPU = Release|Any CPU
	EndGlobalSection
	GlobalSection(ProjectConfigurationPlatforms) = postSolution
		{3ED05339-DC8D-4CF5-B484-33133A0246B2}.Debug|Any CPU.ActiveCfg = Debug|Any CPU
		{3ED05339-DC8D-4CF5-B484-33133A0246B2}.Debug|Any CPU.Build.0 = Debug|Any CPU
		{3ED05339-DC8D-4CF5-B484-33133A0246B2}.Release|Any CPU.ActiveCfg = Release|Any CPU
		{3ED05339-DC8D-4CF5-B484-33133A0246B2}.Release|Any CPU.Build.0 = Release|Any CPU
	EndGlobalSection
	GlobalSection(SolutionProperties) = preSolution
		HideSolutionNode = FALSE
	EndGlobalSection
	GlobalSection(ExtensibilityGlobals) = postSolution
		SolutionGuid = {AC657FAA-1EA7-4305-8477-117E5DDD22E5}
	EndGlobalSection
EndGlobal
